
Microsoft Visual Studio Solution File, Format Version 12.00
# Visual Studio 15
VisualStudioVersion = 15.0.28010.2036
MinimumVisualStudioVersion = 10.0.40219.1
Project("{FAE04EC0-301F-11D3-BF4B-00C04F79EFBC}") = "rpsls_", "rpsls_\rpsls_.csproj", "{DC50695D-41FE-4A84-A8D6-8911E54AE8FE}"
EndProject
Global
	GlobalSection(SolutionConfigurationPlatforms) = preSolution
		Debug|Any CPU = Debug|Any CPU
		Release|Any CPU = Release|Any CPU
	EndGlobalSection
	GlobalSection(ProjectConfigurationPlatforms) = postSolution
		{DC50695D-41FE-4A84-A8D6-8911E54AE8FE}.Debug|Any CPU.ActiveCfg = Debug|Any CPU
		{DC50695D-41FE-4A84-A8D6-8911E54AE8FE}.Debug|Any CPU.Build.0 = Debug|Any CPU
		{DC50695D-41FE-4A84-A8D6-8911E54AE8FE}.Release|Any CPU.ActiveCfg = Release|Any CPU
		{DC50695D-41FE-4A84-A8D6-8911E54AE8FE}.Release|Any CPU.Build.0 = Release|Any CPU
	EndGlobalSection
	GlobalSection(SolutionProperties) = preSolution
		HideSolutionNode = FALSE
	EndGlobalSection
	GlobalSection(ExtensibilityGlobals) = postSolution
		SolutionGuid = {FCE4B5BE-6D82-4EA5-822F-0BB7A58B4DB9}
	EndGlobalSection
EndGlobal
